
Microsoft Visual Studio Solution File, Format Version 12.00
Project("{2150E333-8FDC-42A3-9474-1A3956D46DE8}") = "src", "src", "{57DC23B8-FC3C-41A3-AEB0-21C016F935F6}"
EndProject
Project("{2150E333-8FDC-42A3-9474-1A3956D46DE8}") = "samples", "samples", "{5D128655-88B1-4CA4-B12B-9E6C067D6DA3}"
EndProject
Project("{2150E333-8FDC-42A3-9474-1A3956D46DE8}") = "tests", "tests", "{7233FD90-018C-47BF-9001-EB1681DFE75B}"
EndProject
Project("{2150E333-8FDC-42A3-9474-1A3956D46DE8}") = "items", "items", "{3F9C53FE-5C90-4E1E-A2FE-8F73B8185C3B}"
	ProjectSection(SolutionItems) = preProject
		.gitignore = .gitignore
		.csharpierrc = .csharpierrc
		README.md = README.md
		compose.yml = compose.yml
		src\Directory.Build.props = src\Directory.Build.props
		migrations.ps1 = migrations.ps1
		CLAUDE.md = CLAUDE.md
		migrations.sh = migrations.sh
		AGENTS.md = AGENTS.md
	EndProjectSection
EndProject
Project("{FAE04EC0-301F-11D3-BF4B-00C04F79EFBC}") = "Atomizer", "src\Atomizer\Atomizer.csproj", "{3FA58AFF-FFAB-4F99-BCFA-FDF7333C2615}"
EndProject
Project("{FAE04EC0-301F-11D3-BF4B-00C04F79EFBC}") = "Atomizer.Example", "samples\Atomizer.Example\Atomizer.Example.csproj", "{A0F78C07-4E79-437C-B8C5-C7A54B9C3A41}"
EndProject
Project("{FAE04EC0-301F-11D3-BF4B-00C04F79EFBC}") = "Atomizer.EntityFrameworkCore", "src\Atomizer.EntityFrameworkCore\Atomizer.EntityFrameworkCore.csproj", "{39D8002F-62AC-4EF0-BB2D-8A447B4A9A44}"
EndProject
Project("{FAE04EC0-301F-11D3-BF4B-00C04F79EFBC}") = "Atomizer.EFCore.Example", "samples\Atomizer.EFCore.Example\Atomizer.EFCore.Example.csproj", "{D0D16DE2-740B-4214-A1F7-AD96C21A4878}"
EndProject
Project("{FAE04EC0-301F-11D3-BF4B-00C04F79EFBC}") = "Atomizer.Tests", "tests\Atomizer.Tests\Atomizer.Tests.csproj", "{5FF09171-46CB-4619-BCB9-48C596BB1BEC}"
EndProject
Project("{FAE04EC0-301F-11D3-BF4B-00C04F79EFBC}") = "Atomizer.EntityFrameworkCore.Tests", "tests\Atomizer.EntityFrameworkCore.Tests\Atomizer.EntityFrameworkCore.Tests.csproj", "{7654F745-0CFE-4802-9BE6-5AB4065FBA1F}"
EndProject
Project("{FAE04EC0-301F-11D3-BF4B-00C04F79EFBC}") = "Atomizer.Tests.Utilities", "tests\Atomizer.Tests.Utilities\Atomizer.Tests.Utilities.csproj", "{57C7E426-4BD3-4984-9C8F-65F2F6E35852}"
EndProject
Project("{FAE04EC0-301F-11D3-BF4B-00C04F79EFBC}") = "Atomizer.Dashboard", "src\Atomizer.Dashboard\Atomizer.Dashboard.csproj", "{7284E6AE-8CD5-438E-826C-D6C8E2B58AB8}"
EndProject
Project("{FAE04EC0-301F-11D3-BF4B-00C04F79EFBC}") = "Atomizer.Dashboard.Tests", "tests\Atomizer.Dashboard.Tests\Atomizer.Dashboard.Tests.csproj", "{24DF0777-9688-475F-B740-93A49A158423}"
EndProject
Project("{FAE04EC0-301F-11D3-BF4B-00C04F79EFBC}") = "Atomizer.Redis", "src\Atomizer.Redis\Atomizer.Redis.csproj", "{33964D8D-5DA4-442C-8CEB-50F36DF81199}"
EndProject
Project("{FAE04EC0-301F-11D3-BF4B-00C04F79EFBC}") = "Atomizer.Redis.Tests", "tests\Atomizer.Redis.Tests\Atomizer.Redis.Tests.csproj", "{B6852BFA-D9C6-48EE-9ED6-35B542B834C9}"
EndProject
Project("{FAE04EC0-301F-11D3-BF4B-00C04F79EFBC}") = "Atomizer.Redis.Example", "samples\Atomizer.Redis.Example\Atomizer.Redis.Example.csproj", "{1D05317E-F0B0-4638-99D8-CCB018BCB681}"
EndProject
Project("{FAE04EC0-301F-11D3-BF4B-00C04F79EFBC}") = "Atomizer.FlowTests", "tests\Atomizer.FlowTests\Atomizer.FlowTests.csproj", "{F37FF791-43BD-4394-8BED-95C9F013DCA8}"
EndProject
Global
	GlobalSection(SolutionConfigurationPlatforms) = preSolution
		Debug|Any CPU = Debug|Any CPU
		Debug|x64 = Debug|x64
		Debug|x86 = Debug|x86
		Release|Any CPU = Release|Any CPU
		Release|x64 = Release|x64
		Release|x86 = Release|x86
	EndGlobalSection
	GlobalSection(ProjectConfigurationPlatforms) = postSolution
		{3FA58AFF-FFAB-4F99-BCFA-FDF7333C2615}.Debug|Any CPU.ActiveCfg = Debug|Any CPU
		{3FA58AFF-FFAB-4F99-BCFA-FDF7333C2615}.Debug|Any CPU.Build.0 = Debug|Any CPU
		{3FA58AFF-FFAB-4F99-BCFA-FDF7333C2615}.Debug|x64.ActiveCfg = Debug|Any CPU
		{3FA58AFF-FFAB-4F99-BCFA-FDF7333C2615}.Debug|x64.Build.0 = Debug|Any CPU
		{3FA58AFF-FFAB-4F99-BCFA-FDF7333C2615}.Debug|x86.ActiveCfg = Debug|Any CPU
		{3FA58AFF-FFAB-4F99-BCFA-FDF7333C2615}.Debug|x86.Build.0 = Debug|Any CPU
		{3FA58AFF-FFAB-4F99-BCFA-FDF7333C2615}.Release|Any CPU.ActiveCfg = Release|Any CPU
		{3FA58AFF-FFAB-4F99-BCFA-FDF7333C2615}.Release|Any CPU.Build.0 = Release|Any CPU
		{3FA58AFF-FFAB-4F99-BCFA-FDF7333C2615}.Release|x64.ActiveCfg = Release|Any CPU
		{3FA58AFF-FFAB-4F99-BCFA-FDF7333C2615}.Release|x64.Build.0 = Release|Any CPU
		{3FA58AFF-FFAB-4F99-BCFA-FDF7333C2615}.Release|x86.ActiveCfg = Release|Any CPU
		{3FA58AFF-FFAB-4F99-BCFA-FDF7333C2615}.Release|x86.Build.0 = Release|Any CPU
		{A0F78C07-4E79-437C-B8C5-C7A54B9C3A41}.Debug|Any CPU.ActiveCfg = Debug|Any CPU
		{A0F78C07-4E79-437C-B8C5-C7A54B9C3A41}.Debug|Any CPU.Build.0 = Debug|Any CPU
		{A0F78C07-4E79-437C-B8C5-C7A54B9C3A41}.Debug|x64.ActiveCfg = Debug|Any CPU
		{A0F78C07-4E79-437C-B8C5-C7A54B9C3A41}.Debug|x64.Build.0 = Debug|Any CPU
		{A0F78C07-4E79-437C-B8C5-C7A54B9C3A41}.Debug|x86.ActiveCfg = Debug|Any CPU
		{A0F78C07-4E79-437C-B8C5-C7A54B9C3A41}.Debug|x86.Build.0 = Debug|Any CPU
		{A0F78C07-4E79-437C-B8C5-C7A54B9C3A41}.Release|Any CPU.ActiveCfg = Release|Any CPU
		{A0F78C07-4E79-437C-B8C5-C7A54B9C3A41}.Release|x64.ActiveCfg = Release|Any CPU
		{A0F78C07-4E79-437C-B8C5-C7A54B9C3A41}.Release|x64.Build.0 = Release|Any CPU
		{A0F78C07-4E79-437C-B8C5-C7A54B9C3A41}.Release|x86.ActiveCfg = Release|Any CPU
		{A0F78C07-4E79-437C-B8C5-C7A54B9C3A41}.Release|x86.Build.0 = Release|Any CPU
		{39D8002F-62AC-4EF0-BB2D-8A447B4A9A44}.Debug|Any CPU.ActiveCfg = Debug|Any CPU
		{39D8002F-62AC-4EF0-BB2D-8A447B4A9A44}.Debug|Any CPU.Build.0 = Debug|Any CPU
		{39D8002F-62AC-4EF0-BB2D-8A447B4A9A44}.Debug|x64.ActiveCfg = Debug|Any CPU
		{39D8002F-62AC-4EF0-BB2D-8A447B4A9A44}.Debug|x64.Build.0 = Debug|Any CPU
		{39D8002F-62AC-4EF0-BB2D-8A447B4A9A44}.Debug|x86.ActiveCfg = Debug|Any CPU
		{39D8002F-62AC-4EF0-BB2D-8A447B4A9A44}.Debug|x86.Build.0 = Debug|Any CPU
		{39D8002F-62AC-4EF0-BB2D-8A447B4A9A44}.Release|Any CPU.ActiveCfg = Release|Any CPU
		{39D8002F-62AC-4EF0-BB2D-8A447B4A9A44}.Release|Any CPU.Build.0 = Release|Any CPU
		{39D8002F-62AC-4EF0-BB2D-8A447B4A9A44}.Release|x64.ActiveCfg = Release|Any CPU
		{39D8002F-62AC-4EF0-BB2D-8A447B4A9A44}.Release|x64.Build.0 = Release|Any CPU
		{39D8002F-62AC-4EF0-BB2D-8A447B4A9A44}.Release|x86.ActiveCfg = Release|Any CPU
		{39D8002F-62AC-4EF0-BB2D-8A447B4A9A44}.Release|x86.Build.0 = Release|Any CPU
		{D0D16DE2-740B-4214-A1F7-AD96C21A4878}.Debug|Any CPU.ActiveCfg = Debug|Any CPU
		{D0D16DE2-740B-4214-A1F7-AD96C21A4878}.Debug|Any CPU.Build.0 = Debug|Any CPU
		{D0D16DE2-740B-4214-A1F7-AD96C21A4878}.Debug|x64.ActiveCfg = Debug|Any CPU
		{D0D16DE2-740B-4214-A1F7-AD96C21A4878}.Debug|x64.Build.0 = Debug|Any CPU
		{D0D16DE2-740B-4214-A1F7-AD96C21A4878}.Debug|x86.ActiveCfg = Debug|Any CPU
		{D0D16DE2-740B-4214-A1F7-AD96C21A4878}.Debug|x86.Build.0 = Debug|Any CPU
		{D0D16DE2-740B-4214-A1F7-AD96C21A4878}.Release|Any CPU.ActiveCfg = Release|Any CPU
		{D0D16DE2-740B-4214-A1F7-AD96C21A4878}.Release|x64.ActiveCfg = Release|Any CPU
		{D0D16DE2-740B-4214-A1F7-AD96C21A4878}.Release|x64.Build.0 = Release|Any CPU
		{D0D16DE2-740B-4214-A1F7-AD96C21A4878}.Release|x86.ActiveCfg = Release|Any CPU
		{D0D16DE2-740B-4214-A1F7-AD96C21A4878}.Release|x86.Build.0 = Release|Any CPU
		{5FF09171-46CB-4619-BCB9-48C596BB1BEC}.Debug|Any CPU.ActiveCfg = Debug|Any CPU
		{5FF09171-46CB-4619-BCB9-48C596BB1BEC}.Debug|Any CPU.Build.0 = Debug|Any CPU
		{5FF09171-46CB-4619-BCB9-48C596BB1BEC}.Debug|x64.ActiveCfg = Debug|Any CPU
		{5FF09171-46CB-4619-BCB9-48C596BB1BEC}.Debug|x64.Build.0 = Debug|Any CPU
		{5FF09171-46CB-4619-BCB9-48C596BB1BEC}.Debug|x86.ActiveCfg = Debug|Any CPU
		{5FF09171-46CB-4619-BCB9-48C596BB1BEC}.Debug|x86.Build.0 = Debug|Any CPU
		{5FF09171-46CB-4619-BCB9-48C596BB1BEC}.Release|Any CPU.ActiveCfg = Release|Any CPU
		{5FF09171-46CB-4619-BCB9-48C596BB1BEC}.Release|Any CPU.Build.0 = Release|Any CPU
		{5FF09171-46CB-4619-BCB9-48C596BB1BEC}.Release|x64.ActiveCfg = Release|Any CPU
		{5FF09171-46CB-4619-BCB9-48C596BB1BEC}.Release|x64.Build.0 = Release|Any CPU
		{5FF09171-46CB-4619-BCB9-48C596BB1BEC}.Release|x86.ActiveCfg = Release|Any CPU
		{5FF09171-46CB-4619-BCB9-48C596BB1BEC}.Release|x86.Build.0 = Release|Any CPU
		{7654F745-0CFE-4802-9BE6-5AB4065FBA1F}.Debug|Any CPU.ActiveCfg = Debug|Any CPU
		{7654F745-0CFE-4802-9BE6-5AB4065FBA1F}.Debug|Any CPU.Build.0 = Debug|Any CPU
		{7654F745-0CFE-4802-9BE6-5AB4065FBA1F}.Debug|x64.ActiveCfg = Debug|Any CPU
		{7654F745-0CFE-4802-9BE6-5AB4065FBA1F}.Debug|x64.Build.0 = Debug|Any CPU
		{7654F745-0CFE-4802-9BE6-5AB4065FBA1F}.Debug|x86.ActiveCfg = Debug|Any CPU
		{7654F745-0CFE-4802-9BE6-5AB4065FBA1F}.Debug|x86.Build.0 = Debug|Any CPU
		{7654F745-0CFE-4802-9BE6-5AB4065FBA1F}.Release|Any CPU.ActiveCfg = Release|Any CPU
		{7654F745-0CFE-4802-9BE6-5AB4065FBA1F}.Release|Any CPU.Build.0 = Release|Any CPU
		{7654F745-0CFE-4802-9BE6-5AB4065FBA1F}.Release|x64.ActiveCfg = Release|Any CPU
		{7654F745-0CFE-4802-9BE6-5AB4065FBA1F}.Release|x64.Build.0 = Release|Any CPU
		{7654F745-0CFE-4802-9BE6-5AB4065FBA1F}.Release|x86.ActiveCfg = Release|Any CPU
		{7654F745-0CFE-4802-9BE6-5AB4065FBA1F}.Release|x86.Build.0 = Release|Any CPU
		{57C7E426-4BD3-4984-9C8F-65F2F6E35852}.Debug|Any CPU.ActiveCfg = Debug|Any CPU
		{57C7E426-4BD3-4984-9C8F-65F2F6E35852}.Debug|Any CPU.Build.0 = Debug|Any CPU
		{57C7E426-4BD3-4984-9C8F-65F2F6E35852}.Debug|x64.ActiveCfg = Debug|Any CPU
		{57C7E426-4BD3-4984-9C8F-65F2F6E35852}.Debug|x64.Build.0 = Debug|Any CPU
		{57C7E426-4BD3-4984-9C8F-65F2F6E35852}.Debug|x86.ActiveCfg = Debug|Any CPU
		{57C7E426-4BD3-4984-9C8F-65F2F6E35852}.Debug|x86.Build.0 = Debug|Any CPU
		{57C7E426-4BD3-4984-9C8F-65F2F6E35852}.Release|Any CPU.ActiveCfg = Release|Any CPU
		{57C7E426-4BD3-4984-9C8F-65F2F6E35852}.Release|Any CPU.Build.0 = Release|Any CPU
		{57C7E426-4BD3-4984-9C8F-65F2F6E35852}.Release|x64.ActiveCfg = Release|Any CPU
		{57C7E426-4BD3-4984-9C8F-65F2F6E35852}.Release|x64.Build.0 = Release|Any CPU
		{57C7E426-4BD3-4984-9C8F-65F2F6E35852}.Release|x86.ActiveCfg = Release|Any CPU
		{57C7E426-4BD3-4984-9C8F-65F2F6E35852}.Release|x86.Build.0 = Release|Any CPU
		{7284E6AE-8CD5-438E-826C-D6C8E2B58AB8}.Debug|Any CPU.ActiveCfg = Debug|Any CPU
		{7284E6AE-8CD5-438E-826C-D6C8E2B58AB8}.Debug|Any CPU.Build.0 = Debug|Any CPU
		{7284E6AE-8CD5-438E-826C-D6C8E2B58AB8}.Debug|x64.ActiveCfg = Debug|Any CPU
		{7284E6AE-8CD5-438E-826C-D6C8E2B58AB8}.Debug|x64.Build.0 = Debug|Any CPU
		{7284E6AE-8CD5-438E-826C-D6C8E2B58AB8}.Debug|x86.ActiveCfg = Debug|Any CPU
		{7284E6AE-8CD5-438E-826C-D6C8E2B58AB8}.Debug|x86.Build.0 = Debug|Any CPU
		{7284E6AE-8CD5-438E-826C-D6C8E2B58AB8}.Release|Any CPU.ActiveCfg = Release|Any CPU
		{7284E6AE-8CD5-438E-826C-D6C8E2B58AB8}.Release|Any CPU.Build.0 = Release|Any CPU
		{7284E6AE-8CD5-438E-826C-D6C8E2B58AB8}.Release|x64.ActiveCfg = Release|Any CPU
		{7284E6AE-8CD5-438E-826C-D6C8E2B58AB8}.Release|x64.Build.0 = Release|Any CPU
		{7284E6AE-8CD5-438E-826C-D6C8E2B58AB8}.Release|x86.ActiveCfg = Release|Any CPU
		{7284E6AE-8CD5-438E-826C-D6C8E2B58AB8}.Release|x86.Build.0 = Release|Any CPU
		{24DF0777-9688-475F-B740-93A49A158423}.Debug|Any CPU.ActiveCfg = Debug|Any CPU
		{24DF0777-9688-475F-B740-93A49A158423}.Debug|Any CPU.Build.0 = Debug|Any CPU
		{24DF0777-9688-475F-B740-93A49A158423}.Debug|x64.ActiveCfg = Debug|Any CPU
		{24DF0777-9688-475F-B740-93A49A158423}.Debug|x64.Build.0 = Debug|Any CPU
		{24DF0777-9688-475F-B740-93A49A158423}.Debug|x86.ActiveCfg = Debug|Any CPU
		{24DF0777-9688-475F-B740-93A49A158423}.Debug|x86.Build.0 = Debug|Any CPU
		{24DF0777-9688-475F-B740-93A49A158423}.Release|Any CPU.ActiveCfg = Release|Any CPU
		{24DF0777-9688-475F-B740-93A49A158423}.Release|Any CPU.Build.0 = Release|Any CPU
		{24DF0777-9688-475F-B740-93A49A158423}.Release|x64.ActiveCfg = Release|Any CPU
		{24DF0777-9688-475F-B740-93A49A158423}.Release|x64.Build.0 = Release|Any CPU
		{24DF0777-9688-475F-B740-93A49A158423}.Release|x86.ActiveCfg = Release|Any CPU
		{24DF0777-9688-475F-B740-93A49A158423}.Release|x86.Build.0 = Release|Any CPU
		{33964D8D-5DA4-442C-8CEB-50F36DF81199}.Debug|Any CPU.ActiveCfg = Debug|Any CPU
		{33964D8D-5DA4-442C-8CEB-50F36DF81199}.Debug|Any CPU.Build.0 = Debug|Any CPU
		{33964D8D-5DA4-442C-8CEB-50F36DF81199}.Debug|x64.ActiveCfg = Debug|Any CPU
		{33964D8D-5DA4-442C-8CEB-50F36DF81199}.Debug|x64.Build.0 = Debug|Any CPU
		{33964D8D-5DA4-442C-8CEB-50F36DF81199}.Debug|x86.ActiveCfg = Debug|Any CPU
		{33964D8D-5DA4-442C-8CEB-50F36DF81199}.Debug|x86.Build.0 = Debug|Any CPU
		{33964D8D-5DA4-442C-8CEB-50F36DF81199}.Release|Any CPU.ActiveCfg = Release|Any CPU
		{33964D8D-5DA4-442C-8CEB-50F36DF81199}.Release|Any CPU.Build.0 = Release|Any CPU
		{33964D8D-5DA4-442C-8CEB-50F36DF81199}.Release|x64.ActiveCfg = Release|Any CPU
		{33964D8D-5DA4-442C-8CEB-50F36DF81199}.Release|x64.Build.0 = Release|Any CPU
		{33964D8D-5DA4-442C-8CEB-50F36DF81199}.Release|x86.ActiveCfg = Release|Any CPU
		{33964D8D-5DA4-442C-8CEB-50F36DF81199}.Release|x86.Build.0 = Release|Any CPU
		{B6852BFA-D9C6-48EE-9ED6-35B542B834C9}.Debug|Any CPU.ActiveCfg = Debug|Any CPU
		{B6852BFA-D9C6-48EE-9ED6-35B542B834C9}.Debug|Any CPU.Build.0 = Debug|Any CPU
		{B6852BFA-D9C6-48EE-9ED6-35B542B834C9}.Debug|x64.ActiveCfg = Debug|Any CPU
		{B6852BFA-D9C6-48EE-9ED6-35B542B834C9}.Debug|x64.Build.0 = Debug|Any CPU
		{B6852BFA-D9C6-48EE-9ED6-35B542B834C9}.Debug|x86.ActiveCfg = Debug|Any CPU
		{B6852BFA-D9C6-48EE-9ED6-35B542B834C9}.Debug|x86.Build.0 = Debug|Any CPU
		{B6852BFA-D9C6-48EE-9ED6-35B542B834C9}.Release|Any CPU.ActiveCfg = Release|Any CPU
		{B6852BFA-D9C6-48EE-9ED6-35B542B834C9}.Release|Any CPU.Build.0 = Release|Any CPU
		{B6852BFA-D9C6-48EE-9ED6-35B542B834C9}.Release|x64.ActiveCfg = Release|Any CPU
		{B6852BFA-D9C6-48EE-9ED6-35B542B834C9}.Release|x64.Build.0 = Release|Any CPU
		{B6852BFA-D9C6-48EE-9ED6-35B542B834C9}.Release|x86.ActiveCfg = Release|Any CPU
		{B6852BFA-D9C6-48EE-9ED6-35B542B834C9}.Release|x86.Build.0 = Release|Any CPU
		{1D05317E-F0B0-4638-99D8-CCB018BCB681}.Debug|Any CPU.ActiveCfg = Debug|Any CPU
		{1D05317E-F0B0-4638-99D8-CCB018BCB681}.Debug|Any CPU.Build.0 = Debug|Any CPU
		{1D05317E-F0B0-4638-99D8-CCB018BCB681}.Debug|x64.ActiveCfg = Debug|Any CPU
		{1D05317E-F0B0-4638-99D8-CCB018BCB681}.Debug|x64.Build.0 = Debug|Any CPU
		{1D05317E-F0B0-4638-99D8-CCB018BCB681}.Debug|x86.ActiveCfg = Debug|Any CPU
		{1D05317E-F0B0-4638-99D8-CCB018BCB681}.Debug|x86.Build.0 = Debug|Any CPU
		{1D05317E-F0B0-4638-99D8-CCB018BCB681}.Release|Any CPU.ActiveCfg = Release|Any CPU
		{1D05317E-F0B0-4638-99D8-CCB018BCB681}.Release|Any CPU.Build.0 = Release|Any CPU
		{1D05317E-F0B0-4638-99D8-CCB018BCB681}.Release|x64.ActiveCfg = Release|Any CPU
		{1D05317E-F0B0-4638-99D8-CCB018BCB681}.Release|x64.Build.0 = Release|Any CPU
		{1D05317E-F0B0-4638-99D8-CCB018BCB681}.Release|x86.ActiveCfg = Release|Any CPU
		{1D05317E-F0B0-4638-99D8-CCB018BCB681}.Release|x86.Build.0 = Release|Any CPU
		{F37FF791-43BD-4394-8BED-95C9F013DCA8}.Debug|Any CPU.ActiveCfg = Debug|Any CPU
		{F37FF791-43BD-4394-8BED-95C9F013DCA8}.Debug|Any CPU.Build.0 = Debug|Any CPU
		{F37FF791-43BD-4394-8BED-95C9F013DCA8}.Debug|x64.ActiveCfg = Debug|Any CPU
		{F37FF791-43BD-4394-8BED-95C9F013DCA8}.Debug|x64.Build.0 = Debug|Any CPU
		{F37FF791-43BD-4394-8BED-95C9F013DCA8}.Debug|x86.ActiveCfg = Debug|Any CPU
		{F37FF791-43BD-4394-8BED-95C9F013DCA8}.Debug|x86.Build.0 = Debug|Any CPU
		{F37FF791-43BD-4394-8BED-95C9F013DCA8}.Release|Any CPU.ActiveCfg = Release|Any CPU
		{F37FF791-43BD-4394-8BED-95C9F013DCA8}.Release|Any CPU.Build.0 = Release|Any CPU
		{F37FF791-43BD-4394-8BED-95C9F013DCA8}.Release|x64.ActiveCfg = Release|Any CPU
		{F37FF791-43BD-4394-8BED-95C9F013DCA8}.Release|x64.Build.0 = Release|Any CPU
		{F37FF791-43BD-4394-8BED-95C9F013DCA8}.Release|x86.ActiveCfg = Release|Any CPU
		{F37FF791-43BD-4394-8BED-95C9F013DCA8}.Release|x86.Build.0 = Release|Any CPU
	EndGlobalSection
	GlobalSection(SolutionProperties) = preSolution
		HideSolutionNode = FALSE
	EndGlobalSection
	GlobalSection(NestedProjects) = preSolution
		{3FA58AFF-FFAB-4F99-BCFA-FDF7333C2615} = {57DC23B8-FC3C-41A3-AEB0-21C016F935F6}
		{A0F78C07-4E79-437C-B8C5-C7A54B9C3A41} = {5D128655-88B1-4CA4-B12B-9E6C067D6DA3}
		{39D8002F-62AC-4EF0-BB2D-8A447B4A9A44} = {57DC23B8-FC3C-41A3-AEB0-21C016F935F6}
		{D0D16DE2-740B-4214-A1F7-AD96C21A4878} = {5D128655-88B1-4CA4-B12B-9E6C067D6DA3}
		{5FF09171-46CB-4619-BCB9-48C596BB1BEC} = {7233FD90-018C-47BF-9001-EB1681DFE75B}
		{7654F745-0CFE-4802-9BE6-5AB4065FBA1F} = {7233FD90-018C-47BF-9001-EB1681DFE75B}
		{57C7E426-4BD3-4984-9C8F-65F2F6E35852} = {7233FD90-018C-47BF-9001-EB1681DFE75B}
		{7284E6AE-8CD5-438E-826C-D6C8E2B58AB8} = {57DC23B8-FC3C-41A3-AEB0-21C016F935F6}
		{24DF0777-9688-475F-B740-93A49A158423} = {7233FD90-018C-47BF-9001-EB1681DFE75B}
		{33964D8D-5DA4-442C-8CEB-50F36DF81199} = {57DC23B8-FC3C-41A3-AEB0-21C016F935F6}
		{B6852BFA-D9C6-48EE-9ED6-35B542B834C9} = {7233FD90-018C-47BF-9001-EB1681DFE75B}
		{1D05317E-F0B0-4638-99D8-CCB018BCB681} = {5D128655-88B1-4CA4-B12B-9E6C067D6DA3}
		{F37FF791-43BD-4394-8BED-95C9F013DCA8} = {7233FD90-018C-47BF-9001-EB1681DFE75B}
	EndGlobalSection
EndGlobal
