{
  "version": 1,
  "dependencies": {
    "net10.0": {
      "Cronos": {
        "type": "Transitive",
        "resolved": "0.13.0",
        "contentHash": "Nkve+Yi0+ol3ntSBRHeW0ka9cJQ8vndSUvvkXqF9LVqwpoqWueyxu/HS275r98RDOmF7/mzRnZW5XXUBXob+TA=="
      },
      "atomizer": {
        "type": "Project",
        "dependencies": {
          "Cronos": "[0.13.0, )"
        }
      }
    },
    "net6.0": {
      "Cronos": {
        "type": "Transitive",
        "resolved": "0.13.0",
        "contentHash": "Nkve+Yi0+ol3ntSBRHeW0ka9cJQ8vndSUvvkXqF9LVqwpoqWueyxu/HS275r98RDOmF7/mzRnZW5XXUBXob+TA=="
      },
      "atomizer": {
        "type": "Project",
        "dependencies": {
          "Cronos": "[0.13.0, )"
        }
      }
    },
    "net8.0": {
      "Cronos": {
        "type": "Transitive",
        "resolved": "0.13.0",
        "contentHash": "Nkve+Yi0+ol3ntSBRHeW0ka9cJQ8vndSUvvkXqF9LVqwpoqWueyxu/HS275r98RDOmF7/mzRnZW5XXUBXob+TA=="
      },
      "atomizer": {
        "type": "Project",
        "dependencies": {
          "Cronos": "[0.13.0, )"
        }
      }
    }
  }
}